
Microsoft Visual Studio Solution File, Format Version 12.00
# Visual Studio 2012
Project("{8BC9CEB8-8B4A-11D0-8D11-00A0C91BC942}") = "microarmy", "microarmy.vcxproj", "{44EDA034-517A-BD43-9CE5-28465590ABAF}"
EndProject
Global
	GlobalSection(SolutionConfigurationPlatforms) = preSolution
		Debug|Win32 = Debug|Win32
		Release|Win32 = Release|Win32
	EndGlobalSection
	GlobalSection(ProjectConfigurationPlatforms) = postSolution
		{44EDA034-517A-BD43-9CE5-28465590ABAF}.Debug|Win32.ActiveCfg = Debug|Win32
		{44EDA034-517A-BD43-9CE5-28465590ABAF}.Debug|Win32.Build.0 = Debug|Win32
		{44EDA034-517A-BD43-9CE5-28465590ABAF}.Release|Win32.ActiveCfg = Release|Win32
		{44EDA034-517A-BD43-9CE5-28465590ABAF}.Release|Win32.Build.0 = Release|Win32
	EndGlobalSection
	GlobalSection(SolutionProperties) = preSolution
		HideSolutionNode = FALSE
	EndGlobalSection
EndGlobal
