
Microsoft Visual Studio Solution File, Format Version 11.00
# Visual Studio 2010
Project("{8BC9CEB8-8B4A-11D0-8D11-00A0C91BC942}") = "microarmy", "microarmy.vcxproj", "{5F99BE76-AA15-4D42-AE71-575CC5CDDDB3}"
EndProject
Project("{8BC9CEB8-8B4A-11D0-8D11-00A0C91BC942}") = "test", "test.vcxproj", "{9611164C-EC30-444F-AF0D-883F38E0D297}"
EndProject
Global
	GlobalSection(SolutionConfigurationPlatforms) = preSolution
		Debug|Win32 = Debug|Win32
		Release|Win32 = Release|Win32
	EndGlobalSection
	GlobalSection(ProjectConfigurationPlatforms) = postSolution
		{5F99BE76-AA15-4D42-AE71-575CC5CDDDB3}.Debug|Win32.ActiveCfg = Debug|Win32
		{5F99BE76-AA15-4D42-AE71-575CC5CDDDB3}.Debug|Win32.Build.0 = Debug|Win32
		{5F99BE76-AA15-4D42-AE71-575CC5CDDDB3}.Release|Win32.ActiveCfg = Release|Win32
		{5F99BE76-AA15-4D42-AE71-575CC5CDDDB3}.Release|Win32.Build.0 = Release|Win32
		{9611164C-EC30-444F-AF0D-883F38E0D297}.Debug|Win32.ActiveCfg = Debug|Win32
		{9611164C-EC30-444F-AF0D-883F38E0D297}.Debug|Win32.Build.0 = Debug|Win32
		{9611164C-EC30-444F-AF0D-883F38E0D297}.Release|Win32.ActiveCfg = Release|Win32
		{9611164C-EC30-444F-AF0D-883F38E0D297}.Release|Win32.Build.0 = Release|Win32
	EndGlobalSection
	GlobalSection(SolutionProperties) = preSolution
		HideSolutionNode = FALSE
	EndGlobalSection
EndGlobal
