<?xml version="1.0" encoding="utf-8"?>
<Project ToolsVersion="4.0" xmlns="http://schemas.microsoft.com/developer/msbuild/2003">
  <ItemGroup>
    <Filter Include="src">
      <UniqueIdentifier>{8D40D88B-49C9-E949-AE00-D74D743BC93B}</UniqueIdentifier>
    </Filter>
    <Filter Include="lib">
      <UniqueIdentifier>{EF124BDA-B349-094E-8780-7014D0F9A95B}</UniqueIdentifier>
    </Filter>
    <Filter Include="lib\Qor">
      <UniqueIdentifier>{EA749F4A-15DC-E74B-898D-0F88CBAF5B9B}</UniqueIdentifier>
    </Filter>
    <Filter Include="lib\Qor\Qor">
      <UniqueIdentifier>{6680DB7D-893E-304F-AB86-A4525D4EB71B}</UniqueIdentifier>
    </Filter>
    <Filter Include="lib\Qor\lib">
      <UniqueIdentifier>{6767D39A-6AF2-E444-9BED-C97860BE6DF2}</UniqueIdentifier>
    </Filter>
    <Filter Include="lib\Qor\lib\kit">
      <UniqueIdentifier>{F016631E-3197-AD4A-A4EC-3A9ED3706754}</UniqueIdentifier>
    </Filter>
    <Filter Include="lib\Qor\lib\kit\kit">
      <UniqueIdentifier>{0850E49D-A337-7A44-8129-1742C1E2F6E3}</UniqueIdentifier>
    </Filter>
    <Filter Include="lib\Qor\lib\kit\kit\args">
      <UniqueIdentifier>{137A3925-F079-CA4E-B50C-B59AD59F84EE}</UniqueIdentifier>
    </Filter>
    <Filter Include="lib\Qor\lib\kit\kit\async">
      <UniqueIdentifier>{D5CB3E08-AFB2-6748-BAA7-8118EAF1F164}</UniqueIdentifier>
    </Filter>
    <Filter Include="lib\Qor\lib\kit\kit\cache">
      <UniqueIdentifier>{34E80D77-D84B-4040-92B3-37A64600204E}</UniqueIdentifier>
    </Filter>
    <Filter Include="lib\Qor\lib\kit\kit\factory">
      <UniqueIdentifier>{582A96E5-5F85-6A40-A45E-6D69004E49D1}</UniqueIdentifier>
    </Filter>
    <Filter Include="lib\Qor\lib\kit\kit\freq">
      <UniqueIdentifier>{0843D773-8A0D-8548-85C4-2DDB4D5319E6}</UniqueIdentifier>
    </Filter>
    <Filter Include="lib\Qor\lib\kit\kit\fs">
      <UniqueIdentifier>{D59F857E-9109-5548-AC31-0FD4080551DB}</UniqueIdentifier>
    </Filter>
    <Filter Include="lib\Qor\lib\kit\kit\log">
      <UniqueIdentifier>{FBB16419-786A-7141-893C-0F1F01C78CB6}</UniqueIdentifier>
    </Filter>
    <Filter Include="lib\Qor\lib\kit\kit\math">
      <UniqueIdentifier>{C67610DF-D870-AE43-932B-B082E66B2E93}</UniqueIdentifier>
    </Filter>
    <Filter Include="lib\Qor\lib\kit\kit\meta">
      <UniqueIdentifier>{E5A55664-38D4-9144-9D48-E86DBE17306F}</UniqueIdentifier>
    </Filter>
    <Filter Include="lib\Qor\lib\kit\kit\net">
      <UniqueIdentifier>{09EF15A8-77B7-AA4A-A3B9-ADC9B00F051D}</UniqueIdentifier>
    </Filter>
    <Filter Include="lib\Qor\lib\kit\kit\reactive">
      <UniqueIdentifier>{600ABA5A-341D-DA4A-A91B-0C54D6D970EF}</UniqueIdentifier>
    </Filter>
  </ItemGroup>
  <ItemGroup>
    <ClInclude Include="src\Game.h">
      <Filter>src</Filter>
    </ClInclude>
    <ClInclude Include="src\HUD.h">
      <Filter>src</Filter>
    </ClInclude>
    <ClInclude Include="src\Info.h">
      <Filter>src</Filter>
    </ClInclude>
    <ClInclude Include="src\Intro.h">
      <Filter>src</Filter>
    </ClInclude>
    <ClInclude Include="src\Monster.h">
      <Filter>src</Filter>
    </ClInclude>
    <ClInclude Include="src\Player.h">
      <Filter>src</Filter>
    </ClInclude>
    <ClInclude Include="src\Pregame.h">
      <Filter>src</Filter>
    </ClInclude>
    <ClInclude Include="src\Test.h">
      <Filter>src</Filter>
    </ClInclude>
    <ClInclude Include="src\Thing.h">
      <Filter>src</Filter>
    </ClInclude>
    <ClInclude Include="lib\Qor\Qor\Actuation.h">
      <Filter>lib\Qor\Qor</Filter>
    </ClInclude>
    <ClInclude Include="lib\Qor\Qor\Audio.h">
      <Filter>lib\Qor\Qor</Filter>
    </ClInclude>
    <ClInclude Include="lib\Qor\Qor\BasicPartitioner.h">
      <Filter>lib\Qor\Qor</Filter>
    </ClInclude>
    <ClInclude Include="lib\Qor\Qor\BasicState.h">
      <Filter>lib\Qor\Qor</Filter>
    </ClInclude>
    <ClInclude Include="lib\Qor\Qor\Camera.h">
      <Filter>lib\Qor\Qor</Filter>
    </ClInclude>
    <ClInclude Include="lib\Qor\Qor\Canvas.h">
      <Filter>lib\Qor\Qor</Filter>
    </ClInclude>
    <ClInclude Include="lib\Qor\Qor\Common.h">
      <Filter>lib\Qor\Qor</Filter>
    </ClInclude>
    <ClInclude Include="lib\Qor\Qor\Console.h">
      <Filter>lib\Qor\Qor</Filter>
    </ClInclude>
    <ClInclude Include="lib\Qor\Qor\Filesystem.h">
      <Filter>lib\Qor\Qor</Filter>
    </ClInclude>
    <ClInclude Include="lib\Qor\Qor\Font.h">
      <Filter>lib\Qor\Qor</Filter>
    </ClInclude>
    <ClInclude Include="lib\Qor\Qor\GLTask.h">
      <Filter>lib\Qor\Qor</Filter>
    </ClInclude>
    <ClInclude Include="lib\Qor\Qor\Graphics.h">
      <Filter>lib\Qor\Qor</Filter>
    </ClInclude>
    <ClInclude Include="lib\Qor\Qor\Grid.h">
      <Filter>lib\Qor\Qor</Filter>
    </ClInclude>
    <ClInclude Include="lib\Qor\Qor\Headless.h">
      <Filter>lib\Qor\Qor</Filter>
    </ClInclude>
    <ClInclude Include="lib\Qor\Qor\ILight.h">
      <Filter>lib\Qor\Qor</Filter>
    </ClInclude>
    <ClInclude Include="lib\Qor\Qor\Info.h">
      <Filter>lib\Qor\Qor</Filter>
    </ClInclude>
    <ClInclude Include="lib\Qor\Qor\Input.h">
      <Filter>lib\Qor\Qor</Filter>
    </ClInclude>
    <ClInclude Include="lib\Qor\Qor\Interpreter.h">
      <Filter>lib\Qor\Qor</Filter>
    </ClInclude>
    <ClInclude Include="lib\Qor\Qor\IPartitioner.h">
      <Filter>lib\Qor\Qor</Filter>
    </ClInclude>
    <ClInclude Include="lib\Qor\Qor\IPhysical.h">
      <Filter>lib\Qor\Qor</Filter>
    </ClInclude>
    <ClInclude Include="lib\Qor\Qor\IPreloadable.h">
      <Filter>lib\Qor\Qor</Filter>
    </ClInclude>
    <ClInclude Include="lib\Qor\Qor\IRealtime.h">
      <Filter>lib\Qor\Qor</Filter>
    </ClInclude>
    <ClInclude Include="lib\Qor\Qor\IRenderable.h">
      <Filter>lib\Qor\Qor</Filter>
    </ClInclude>
    <ClInclude Include="lib\Qor\Qor\ISceneGraph.h">
      <Filter>lib\Qor\Qor</Filter>
    </ClInclude>
    <ClInclude Include="lib\Qor\Qor\ITexture.h">
      <Filter>lib\Qor\Qor</Filter>
    </ClInclude>
    <ClInclude Include="lib\Qor\Qor\Light.h">
      <Filter>lib\Qor\Qor</Filter>
    </ClInclude>
    <ClInclude Include="lib\Qor\Qor\LoadingState.h">
      <Filter>lib\Qor\Qor</Filter>
    </ClInclude>
    <ClInclude Include="lib\Qor\Qor\Material.h">
      <Filter>lib\Qor\Qor</Filter>
    </ClInclude>
    <ClInclude Include="lib\Qor\Qor\Menu.h">
      <Filter>lib\Qor\Qor</Filter>
    </ClInclude>
    <ClInclude Include="lib\Qor\Qor\Mesh.h">
      <Filter>lib\Qor\Qor</Filter>
    </ClInclude>
    <ClInclude Include="lib\Qor\Qor\Net.h">
      <Filter>lib\Qor\Qor</Filter>
    </ClInclude>
    <ClInclude Include="lib\Qor\Qor\Node.h">
      <Filter>lib\Qor\Qor</Filter>
    </ClInclude>
    <ClInclude Include="lib\Qor\Qor\NodeInterface.h">
      <Filter>lib\Qor\Qor</Filter>
    </ClInclude>
    <ClInclude Include="lib\Qor\Qor\Nodes.h">
      <Filter>lib\Qor\Qor</Filter>
    </ClInclude>
    <ClInclude Include="lib\Qor\Qor\Particle.h">
      <Filter>lib\Qor\Qor</Filter>
    </ClInclude>
    <ClInclude Include="lib\Qor\Qor\Pass.h">
      <Filter>lib\Qor\Qor</Filter>
    </ClInclude>
    <ClInclude Include="lib\Qor\Qor\Physics.h">
      <Filter>lib\Qor\Qor</Filter>
    </ClInclude>
    <ClInclude Include="lib\Qor\Qor\PhysicsObject.h">
      <Filter>lib\Qor\Qor</Filter>
    </ClInclude>
    <ClInclude Include="lib\Qor\Qor\Pipeline.h">
      <Filter>lib\Qor\Qor</Filter>
    </ClInclude>
    <ClInclude Include="lib\Qor\Qor\PipelineShader.h">
      <Filter>lib\Qor\Qor</Filter>
    </ClInclude>
    <ClInclude Include="lib\Qor\Qor\PlayerInterface2D.h">
      <Filter>lib\Qor\Qor</Filter>
    </ClInclude>
    <ClInclude Include="lib\Qor\Qor\PlayerInterface3D.h">
      <Filter>lib\Qor\Qor</Filter>
    </ClInclude>
    <ClInclude Include="lib\Qor\Qor\Profile.h">
      <Filter>lib\Qor\Qor</Filter>
    </ClInclude>
    <ClInclude Include="lib\Qor\Qor\PythonBindings.h">
      <Filter>lib\Qor\Qor</Filter>
    </ClInclude>
    <ClInclude Include="lib\Qor\Qor\Qor.h">
      <Filter>lib\Qor\Qor</Filter>
    </ClInclude>
    <ClInclude Include="lib\Qor\Qor\RenderBuffer.h">
      <Filter>lib\Qor\Qor</Filter>
    </ClInclude>
    <ClInclude Include="lib\Qor\Qor\Resource.h">
      <Filter>lib\Qor\Qor</Filter>
    </ClInclude>
    <ClInclude Include="lib\Qor\Qor\ResourceCache.h">
      <Filter>lib\Qor\Qor</Filter>
    </ClInclude>
    <ClInclude Include="lib\Qor\Qor\ResourceLocator.h">
      <Filter>lib\Qor\Qor</Filter>
    </ClInclude>
    <ClInclude Include="lib\Qor\Qor\Scene.h">
      <Filter>lib\Qor\Qor</Filter>
    </ClInclude>
    <ClInclude Include="lib\Qor\Qor\ScreenFader.h">
      <Filter>lib\Qor\Qor</Filter>
    </ClInclude>
    <ClInclude Include="lib\Qor\Qor\ScriptState.h">
      <Filter>lib\Qor\Qor</Filter>
    </ClInclude>
    <ClInclude Include="lib\Qor\Qor\Session.h">
      <Filter>lib\Qor\Qor</Filter>
    </ClInclude>
    <ClInclude Include="lib\Qor\Qor\Shader.h">
      <Filter>lib\Qor\Qor</Filter>
    </ClInclude>
    <ClInclude Include="lib\Qor\Qor\ShadowBuffer.h">
      <Filter>lib\Qor\Qor</Filter>
    </ClInclude>
    <ClInclude Include="lib\Qor\Qor\Sound.h">
      <Filter>lib\Qor\Qor</Filter>
    </ClInclude>
    <ClInclude Include="lib\Qor\Qor\Sprite.h">
      <Filter>lib\Qor\Qor</Filter>
    </ClInclude>
    <ClInclude Include="lib\Qor\Qor\State.h">
      <Filter>lib\Qor\Qor</Filter>
    </ClInclude>
    <ClInclude Include="lib\Qor\Qor\StateMachine.h">
      <Filter>lib\Qor\Qor</Filter>
    </ClInclude>
    <ClInclude Include="lib\Qor\Qor\StateManager.h">
      <Filter>lib\Qor\Qor</Filter>
    </ClInclude>
    <ClInclude Include="lib\Qor\Qor\TaskHandler.h">
      <Filter>lib\Qor\Qor</Filter>
    </ClInclude>
    <ClInclude Include="lib\Qor\Qor\Texture.h">
      <Filter>lib\Qor\Qor</Filter>
    </ClInclude>
    <ClInclude Include="lib\Qor\Qor\TileMap.h">
      <Filter>lib\Qor\Qor</Filter>
    </ClInclude>
    <ClInclude Include="lib\Qor\Qor\Tracker.h">
      <Filter>lib\Qor\Qor</Filter>
    </ClInclude>
    <ClInclude Include="lib\Qor\Qor\Util.h">
      <Filter>lib\Qor\Qor</Filter>
    </ClInclude>
    <ClInclude Include="lib\Qor\Qor\VertexBuffer.h">
      <Filter>lib\Qor\Qor</Filter>
    </ClInclude>
    <ClInclude Include="lib\Qor\Qor\ViewModel.h">
      <Filter>lib\Qor\Qor</Filter>
    </ClInclude>
    <ClInclude Include="lib\Qor\Qor\Window.h">
      <Filter>lib\Qor\Qor</Filter>
    </ClInclude>
    <ClInclude Include="lib\Qor\lib\kit\kit\kit.h">
      <Filter>lib\Qor\lib\kit\kit</Filter>
    </ClInclude>
    <ClInclude Include="lib\Qor\lib\kit\kit\args\args.h">
      <Filter>lib\Qor\lib\kit\kit\args</Filter>
    </ClInclude>
    <ClInclude Include="lib\Qor\lib\kit\kit\async\async.h">
      <Filter>lib\Qor\lib\kit\kit\async</Filter>
    </ClInclude>
    <ClInclude Include="lib\Qor\lib\kit\kit\async\async_fstream.h">
      <Filter>lib\Qor\lib\kit\kit\async</Filter>
    </ClInclude>
    <ClInclude Include="lib\Qor\lib\kit\kit\async\channel.h">
      <Filter>lib\Qor\lib\kit\kit\async</Filter>
    </ClInclude>
    <ClInclude Include="lib\Qor\lib\kit\kit\async\mx.h">
      <Filter>lib\Qor\lib\kit\kit\async</Filter>
    </ClInclude>
    <ClInclude Include="lib\Qor\lib\kit\kit\async\task.h">
      <Filter>lib\Qor\lib\kit\kit\async</Filter>
    </ClInclude>
    <ClInclude Include="lib\Qor\lib\kit\kit\cache\cache.h">
      <Filter>lib\Qor\lib\kit\kit\cache</Filter>
    </ClInclude>
    <ClInclude Include="lib\Qor\lib\kit\kit\cache\icache.h">
      <Filter>lib\Qor\lib\kit\kit\cache</Filter>
    </ClInclude>
    <ClInclude Include="lib\Qor\lib\kit\kit\factory\factory.h">
      <Filter>lib\Qor\lib\kit\kit\factory</Filter>
    </ClInclude>
    <ClInclude Include="lib\Qor\lib\kit\kit\factory\ifactory.h">
      <Filter>lib\Qor\lib\kit\kit\factory</Filter>
    </ClInclude>
    <ClInclude Include="lib\Qor\lib\kit\kit\freq\animation.h">
      <Filter>lib\Qor\lib\kit\kit\freq</Filter>
    </ClInclude>
    <ClInclude Include="lib\Qor\lib\kit\kit\freq\freq.h">
      <Filter>lib\Qor\lib\kit\kit\freq</Filter>
    </ClInclude>
    <ClInclude Include="lib\Qor\lib\kit\kit\fs\fs.h">
      <Filter>lib\Qor\lib\kit\kit\fs</Filter>
    </ClInclude>
    <ClInclude Include="lib\Qor\lib\kit\kit\log\errors.h">
      <Filter>lib\Qor\lib\kit\kit\log</Filter>
    </ClInclude>
    <ClInclude Include="lib\Qor\lib\kit\kit\log\log.h">
      <Filter>lib\Qor\lib\kit\kit\log</Filter>
    </ClInclude>
    <ClInclude Include="lib\Qor\lib\kit\kit\math\angle.h">
      <Filter>lib\Qor\lib\kit\kit\math</Filter>
    </ClInclude>
    <ClInclude Include="lib\Qor\lib\kit\kit\math\common.h">
      <Filter>lib\Qor\lib\kit\kit\math</Filter>
    </ClInclude>
    <ClInclude Include="lib\Qor\lib\kit\kit\math\matrixops.h">
      <Filter>lib\Qor\lib\kit\kit\math</Filter>
    </ClInclude>
    <ClInclude Include="lib\Qor\lib\kit\kit\math\matrixstack.h">
      <Filter>lib\Qor\lib\kit\kit\math</Filter>
    </ClInclude>
    <ClInclude Include="lib\Qor\lib\kit\kit\math\vectorops.h">
      <Filter>lib\Qor\lib\kit\kit\math</Filter>
    </ClInclude>
    <ClInclude Include="lib\Qor\lib\kit\kit\meta\meta.h">
      <Filter>lib\Qor\lib\kit\kit\meta</Filter>
    </ClInclude>
    <ClInclude Include="lib\Qor\lib\kit\kit\meta\schema.h">
      <Filter>lib\Qor\lib\kit\kit\meta</Filter>
    </ClInclude>
    <ClInclude Include="lib\Qor\lib\kit\kit\net\net.h">
      <Filter>lib\Qor\lib\kit\kit\net</Filter>
    </ClInclude>
    <ClInclude Include="lib\Qor\lib\kit\kit\reactive\reactive.h">
      <Filter>lib\Qor\lib\kit\kit\reactive</Filter>
    </ClInclude>
    <ClInclude Include="lib\Qor\lib\kit\kit\reactive\signal.h">
      <Filter>lib\Qor\lib\kit\kit\reactive</Filter>
    </ClInclude>
  </ItemGroup>
  <ItemGroup>
    <ClCompile Include="src\Game.cpp">
      <Filter>src</Filter>
    </ClCompile>
    <ClCompile Include="src\HUD.cpp">
      <Filter>src</Filter>
    </ClCompile>
    <ClCompile Include="src\Intro.cpp">
      <Filter>src</Filter>
    </ClCompile>
    <ClCompile Include="src\Main.cpp">
      <Filter>src</Filter>
    </ClCompile>
    <ClCompile Include="src\Monster.cpp">
      <Filter>src</Filter>
    </ClCompile>
    <ClCompile Include="src\Player.cpp">
      <Filter>src</Filter>
    </ClCompile>
    <ClCompile Include="src\Pregame.cpp">
      <Filter>src</Filter>
    </ClCompile>
    <ClCompile Include="src\Test.cpp">
      <Filter>src</Filter>
    </ClCompile>
    <ClCompile Include="src\Thing.cpp">
      <Filter>src</Filter>
    </ClCompile>
    <ClCompile Include="lib\Qor\Qor\Actuation.cpp">
      <Filter>lib\Qor\Qor</Filter>
    </ClCompile>
    <ClCompile Include="lib\Qor\Qor\Audio.cpp">
      <Filter>lib\Qor\Qor</Filter>
    </ClCompile>
    <ClCompile Include="lib\Qor\Qor\BasicPartitioner.cpp">
      <Filter>lib\Qor\Qor</Filter>
    </ClCompile>
    <ClCompile Include="lib\Qor\Qor\BasicState.cpp">
      <Filter>lib\Qor\Qor</Filter>
    </ClCompile>
    <ClCompile Include="lib\Qor\Qor\Camera.cpp">
      <Filter>lib\Qor\Qor</Filter>
    </ClCompile>
    <ClCompile Include="lib\Qor\Qor\Canvas.cpp">
      <Filter>lib\Qor\Qor</Filter>
    </ClCompile>
    <ClCompile Include="lib\Qor\Qor\Console.cpp">
      <Filter>lib\Qor\Qor</Filter>
    </ClCompile>
    <ClCompile Include="lib\Qor\Qor\Filesystem.cpp">
      <Filter>lib\Qor\Qor</Filter>
    </ClCompile>
    <ClCompile Include="lib\Qor\Qor\Graphics.cpp">
      <Filter>lib\Qor\Qor</Filter>
    </ClCompile>
    <ClCompile Include="lib\Qor\Qor\Grid.cpp">
      <Filter>lib\Qor\Qor</Filter>
    </ClCompile>
    <ClCompile Include="lib\Qor\Qor\Headless.cpp">
      <Filter>lib\Qor\Qor</Filter>
    </ClCompile>
    <ClCompile Include="lib\Qor\Qor\Input.cpp">
      <Filter>lib\Qor\Qor</Filter>
    </ClCompile>
    <ClCompile Include="lib\Qor\Qor\Interpreter.cpp">
      <Filter>lib\Qor\Qor</Filter>
    </ClCompile>
    <ClCompile Include="lib\Qor\Qor\Light.cpp">
      <Filter>lib\Qor\Qor</Filter>
    </ClCompile>
    <ClCompile Include="lib\Qor\Qor\LoadingState.cpp">
      <Filter>lib\Qor\Qor</Filter>
    </ClCompile>
    <ClCompile Include="lib\Qor\Qor\Material.cpp">
      <Filter>lib\Qor\Qor</Filter>
    </ClCompile>
    <ClCompile Include="lib\Qor\Qor\Menu.cpp">
      <Filter>lib\Qor\Qor</Filter>
    </ClCompile>
    <ClCompile Include="lib\Qor\Qor\Mesh.cpp">
      <Filter>lib\Qor\Qor</Filter>
    </ClCompile>
    <ClCompile Include="lib\Qor\Qor\Net.cpp">
      <Filter>lib\Qor\Qor</Filter>
    </ClCompile>
    <ClCompile Include="lib\Qor\Qor\Node.cpp">
      <Filter>lib\Qor\Qor</Filter>
    </ClCompile>
    <ClCompile Include="lib\Qor\Qor\NodeInterface.cpp">
      <Filter>lib\Qor\Qor</Filter>
    </ClCompile>
    <ClCompile Include="lib\Qor\Qor\Particle.cpp">
      <Filter>lib\Qor\Qor</Filter>
    </ClCompile>
    <ClCompile Include="lib\Qor\Qor\Pass.cpp">
      <Filter>lib\Qor\Qor</Filter>
    </ClCompile>
    <ClCompile Include="lib\Qor\Qor\Physics.cpp">
      <Filter>lib\Qor\Qor</Filter>
    </ClCompile>
    <ClCompile Include="lib\Qor\Qor\Pipeline.cpp">
      <Filter>lib\Qor\Qor</Filter>
    </ClCompile>
    <ClCompile Include="lib\Qor\Qor\PipelineShader.cpp">
      <Filter>lib\Qor\Qor</Filter>
    </ClCompile>
    <ClCompile Include="lib\Qor\Qor\PlayerInterface2D.cpp">
      <Filter>lib\Qor\Qor</Filter>
    </ClCompile>
    <ClCompile Include="lib\Qor\Qor\PlayerInterface3D.cpp">
      <Filter>lib\Qor\Qor</Filter>
    </ClCompile>
    <ClCompile Include="lib\Qor\Qor\Profile.cpp">
      <Filter>lib\Qor\Qor</Filter>
    </ClCompile>
    <ClCompile Include="lib\Qor\Qor\Qor.cpp">
      <Filter>lib\Qor\Qor</Filter>
    </ClCompile>
    <ClCompile Include="lib\Qor\Qor\Resource.cpp">
      <Filter>lib\Qor\Qor</Filter>
    </ClCompile>
    <ClCompile Include="lib\Qor\Qor\ResourceCache.cpp">
      <Filter>lib\Qor\Qor</Filter>
    </ClCompile>
    <ClCompile Include="lib\Qor\Qor\Scene.cpp">
      <Filter>lib\Qor\Qor</Filter>
    </ClCompile>
    <ClCompile Include="lib\Qor\Qor\ScreenFader.cpp">
      <Filter>lib\Qor\Qor</Filter>
    </ClCompile>
    <ClCompile Include="lib\Qor\Qor\ScriptState.cpp">
      <Filter>lib\Qor\Qor</Filter>
    </ClCompile>
    <ClCompile Include="lib\Qor\Qor\Session.cpp">
      <Filter>lib\Qor\Qor</Filter>
    </ClCompile>
    <ClCompile Include="lib\Qor\Qor\Shader.cpp">
      <Filter>lib\Qor\Qor</Filter>
    </ClCompile>
    <ClCompile Include="lib\Qor\Qor\ShadowBuffer.cpp">
      <Filter>lib\Qor\Qor</Filter>
    </ClCompile>
    <ClCompile Include="lib\Qor\Qor\Sound.cpp">
      <Filter>lib\Qor\Qor</Filter>
    </ClCompile>
    <ClCompile Include="lib\Qor\Qor\Sprite.cpp">
      <Filter>lib\Qor\Qor</Filter>
    </ClCompile>
    <ClCompile Include="lib\Qor\Qor\StateMachine.cpp">
      <Filter>lib\Qor\Qor</Filter>
    </ClCompile>
    <ClCompile Include="lib\Qor\Qor\Texture.cpp">
      <Filter>lib\Qor\Qor</Filter>
    </ClCompile>
    <ClCompile Include="lib\Qor\Qor\TileMap.cpp">
      <Filter>lib\Qor\Qor</Filter>
    </ClCompile>
    <ClCompile Include="lib\Qor\Qor\Tracker.cpp">
      <Filter>lib\Qor\Qor</Filter>
    </ClCompile>
    <ClCompile Include="lib\Qor\Qor\Util.cpp">
      <Filter>lib\Qor\Qor</Filter>
    </ClCompile>
    <ClCompile Include="lib\Qor\Qor\ViewModel.cpp">
      <Filter>lib\Qor\Qor</Filter>
    </ClCompile>
    <ClCompile Include="lib\Qor\Qor\Window.cpp">
      <Filter>lib\Qor\Qor</Filter>
    </ClCompile>
    <ClCompile Include="lib\Qor\lib\kit\kit\args\args.cpp">
      <Filter>lib\Qor\lib\kit\kit\args</Filter>
    </ClCompile>
    <ClCompile Include="lib\Qor\lib\kit\kit\log\log.cpp">
      <Filter>lib\Qor\lib\kit\kit\log</Filter>
    </ClCompile>
    <ClCompile Include="lib\Qor\lib\kit\kit\math\matrixstack.cpp">
      <Filter>lib\Qor\lib\kit\kit\math</Filter>
    </ClCompile>
  </ItemGroup>
</Project>
