<?xml version="1.0" encoding="utf-8"?>
<Project ToolsVersion="4.0" xmlns="http://schemas.microsoft.com/developer/msbuild/2003">
  <ItemGroup>
    <Filter Include="src">
      <UniqueIdentifier>{04DCE3DD-4126-9047-A844-255EA7FD0E22}</UniqueIdentifier>
    </Filter>
    <Filter Include="lib">
      <UniqueIdentifier>{5CB36C68-EFF9-E44A-B27F-F7B74F8347D5}</UniqueIdentifier>
    </Filter>
    <Filter Include="lib\Qor">
      <UniqueIdentifier>{49D64900-ADFA-4046-B096-DBB39844093B}</UniqueIdentifier>
    </Filter>
    <Filter Include="lib\Qor\Qor">
      <UniqueIdentifier>{14610D70-9041-E548-8F75-FB48FD854D6D}</UniqueIdentifier>
    </Filter>
    <Filter Include="lib\Qor\lib">
      <UniqueIdentifier>{98B56FE0-CCEB-9F49-979D-66456711FCAE}</UniqueIdentifier>
    </Filter>
    <Filter Include="lib\Qor\lib\kit">
      <UniqueIdentifier>{007ECA96-BFE6-3B48-954E-0F3050E55C4C}</UniqueIdentifier>
    </Filter>
    <Filter Include="lib\Qor\lib\kit\kit">
      <UniqueIdentifier>{005CEA33-4AB0-314B-9C8C-2856E2F894F7}</UniqueIdentifier>
    </Filter>
    <Filter Include="lib\Qor\lib\kit\kit\args">
      <UniqueIdentifier>{45BF20E1-2464-7C4C-9BB1-EAB94445D2EC}</UniqueIdentifier>
    </Filter>
    <Filter Include="lib\Qor\lib\kit\kit\async">
      <UniqueIdentifier>{431D9C19-01E6-0948-BE34-2126FCDF3E34}</UniqueIdentifier>
    </Filter>
    <Filter Include="lib\Qor\lib\kit\kit\cache">
      <UniqueIdentifier>{2C1F089C-CD97-6F46-A7AF-97788739905C}</UniqueIdentifier>
    </Filter>
    <Filter Include="lib\Qor\lib\kit\kit\factory">
      <UniqueIdentifier>{38B641FD-FFC0-794A-8AC3-28EA030CA678}</UniqueIdentifier>
    </Filter>
    <Filter Include="lib\Qor\lib\kit\kit\freq">
      <UniqueIdentifier>{CA6E0DF2-91C8-B64C-A329-07BBAD01D325}</UniqueIdentifier>
    </Filter>
    <Filter Include="lib\Qor\lib\kit\kit\fs">
      <UniqueIdentifier>{8DBFE1E3-6E94-A746-997D-65EBA904DEAF}</UniqueIdentifier>
    </Filter>
    <Filter Include="lib\Qor\lib\kit\kit\log">
      <UniqueIdentifier>{A0470B77-226A-0741-A3A8-3AD9E416FE6F}</UniqueIdentifier>
    </Filter>
    <Filter Include="lib\Qor\lib\kit\kit\math">
      <UniqueIdentifier>{4B1E12CD-0C14-7446-A596-D5942C250EAC}</UniqueIdentifier>
    </Filter>
    <Filter Include="lib\Qor\lib\kit\kit\meta">
      <UniqueIdentifier>{F52B409F-AA73-F943-BB8F-B0564A0E64FD}</UniqueIdentifier>
    </Filter>
    <Filter Include="lib\Qor\lib\kit\kit\net">
      <UniqueIdentifier>{289C61A3-BB5F-E040-85EB-476BA1971512}</UniqueIdentifier>
    </Filter>
    <Filter Include="lib\Qor\lib\kit\kit\reactive">
      <UniqueIdentifier>{D1C64C9A-A7FC-6046-889C-47258DDE4847}</UniqueIdentifier>
    </Filter>
  </ItemGroup>
  <ItemGroup>
    <ClInclude Include="src\Game.h">
      <Filter>src</Filter>
    </ClInclude>
    <ClInclude Include="src\HUD.h">
      <Filter>src</Filter>
    </ClInclude>
    <ClInclude Include="src\Info.h">
      <Filter>src</Filter>
    </ClInclude>
    <ClInclude Include="src\Intro.h">
      <Filter>src</Filter>
    </ClInclude>
    <ClInclude Include="src\Monster.h">
      <Filter>src</Filter>
    </ClInclude>
    <ClInclude Include="src\Player.h">
      <Filter>src</Filter>
    </ClInclude>
    <ClInclude Include="src\Pregame.h">
      <Filter>src</Filter>
    </ClInclude>
    <ClInclude Include="src\Thing.h">
      <Filter>src</Filter>
    </ClInclude>
    <ClInclude Include="lib\Qor\Qor\Actuation.h">
      <Filter>lib\Qor\Qor</Filter>
    </ClInclude>
    <ClInclude Include="lib\Qor\Qor\Audio.h">
      <Filter>lib\Qor\Qor</Filter>
    </ClInclude>
    <ClInclude Include="lib\Qor\Qor\BasicPartitioner.h">
      <Filter>lib\Qor\Qor</Filter>
    </ClInclude>
    <ClInclude Include="lib\Qor\Qor\BasicState.h">
      <Filter>lib\Qor\Qor</Filter>
    </ClInclude>
    <ClInclude Include="lib\Qor\Qor\Camera.h">
      <Filter>lib\Qor\Qor</Filter>
    </ClInclude>
    <ClInclude Include="lib\Qor\Qor\Canvas.h">
      <Filter>lib\Qor\Qor</Filter>
    </ClInclude>
    <ClInclude Include="lib\Qor\Qor\Common.h">
      <Filter>lib\Qor\Qor</Filter>
    </ClInclude>
    <ClInclude Include="lib\Qor\Qor\Console.h">
      <Filter>lib\Qor\Qor</Filter>
    </ClInclude>
    <ClInclude Include="lib\Qor\Qor\Filesystem.h">
      <Filter>lib\Qor\Qor</Filter>
    </ClInclude>
    <ClInclude Include="lib\Qor\Qor\Font.h">
      <Filter>lib\Qor\Qor</Filter>
    </ClInclude>
    <ClInclude Include="lib\Qor\Qor\GLTask.h">
      <Filter>lib\Qor\Qor</Filter>
    </ClInclude>
    <ClInclude Include="lib\Qor\Qor\Graphics.h">
      <Filter>lib\Qor\Qor</Filter>
    </ClInclude>
    <ClInclude Include="lib\Qor\Qor\Grid.h">
      <Filter>lib\Qor\Qor</Filter>
    </ClInclude>
    <ClInclude Include="lib\Qor\Qor\Headless.h">
      <Filter>lib\Qor\Qor</Filter>
    </ClInclude>
    <ClInclude Include="lib\Qor\Qor\ILight.h">
      <Filter>lib\Qor\Qor</Filter>
    </ClInclude>
    <ClInclude Include="lib\Qor\Qor\Info.h">
      <Filter>lib\Qor\Qor</Filter>
    </ClInclude>
    <ClInclude Include="lib\Qor\Qor\Input.h">
      <Filter>lib\Qor\Qor</Filter>
    </ClInclude>
    <ClInclude Include="lib\Qor\Qor\Interpreter.h">
      <Filter>lib\Qor\Qor</Filter>
    </ClInclude>
    <ClInclude Include="lib\Qor\Qor\IPartitioner.h">
      <Filter>lib\Qor\Qor</Filter>
    </ClInclude>
    <ClInclude Include="lib\Qor\Qor\IPhysical.h">
      <Filter>lib\Qor\Qor</Filter>
    </ClInclude>
    <ClInclude Include="lib\Qor\Qor\IPreloadable.h">
      <Filter>lib\Qor\Qor</Filter>
    </ClInclude>
    <ClInclude Include="lib\Qor\Qor\IRealtime.h">
      <Filter>lib\Qor\Qor</Filter>
    </ClInclude>
    <ClInclude Include="lib\Qor\Qor\IRenderable.h">
      <Filter>lib\Qor\Qor</Filter>
    </ClInclude>
    <ClInclude Include="lib\Qor\Qor\ISceneGraph.h">
      <Filter>lib\Qor\Qor</Filter>
    </ClInclude>
    <ClInclude Include="lib\Qor\Qor\ITexture.h">
      <Filter>lib\Qor\Qor</Filter>
    </ClInclude>
    <ClInclude Include="lib\Qor\Qor\Light.h">
      <Filter>lib\Qor\Qor</Filter>
    </ClInclude>
    <ClInclude Include="lib\Qor\Qor\LoadingState.h">
      <Filter>lib\Qor\Qor</Filter>
    </ClInclude>
    <ClInclude Include="lib\Qor\Qor\Material.h">
      <Filter>lib\Qor\Qor</Filter>
    </ClInclude>
    <ClInclude Include="lib\Qor\Qor\Menu.h">
      <Filter>lib\Qor\Qor</Filter>
    </ClInclude>
    <ClInclude Include="lib\Qor\Qor\Mesh.h">
      <Filter>lib\Qor\Qor</Filter>
    </ClInclude>
    <ClInclude Include="lib\Qor\Qor\Net.h">
      <Filter>lib\Qor\Qor</Filter>
    </ClInclude>
    <ClInclude Include="lib\Qor\Qor\Node.h">
      <Filter>lib\Qor\Qor</Filter>
    </ClInclude>
    <ClInclude Include="lib\Qor\Qor\NodeInterface.h">
      <Filter>lib\Qor\Qor</Filter>
    </ClInclude>
    <ClInclude Include="lib\Qor\Qor\Nodes.h">
      <Filter>lib\Qor\Qor</Filter>
    </ClInclude>
    <ClInclude Include="lib\Qor\Qor\Particle.h">
      <Filter>lib\Qor\Qor</Filter>
    </ClInclude>
    <ClInclude Include="lib\Qor\Qor\Pass.h">
      <Filter>lib\Qor\Qor</Filter>
    </ClInclude>
    <ClInclude Include="lib\Qor\Qor\Physics.h">
      <Filter>lib\Qor\Qor</Filter>
    </ClInclude>
    <ClInclude Include="lib\Qor\Qor\PhysicsObject.h">
      <Filter>lib\Qor\Qor</Filter>
    </ClInclude>
    <ClInclude Include="lib\Qor\Qor\Pipeline.h">
      <Filter>lib\Qor\Qor</Filter>
    </ClInclude>
    <ClInclude Include="lib\Qor\Qor\PipelineShader.h">
      <Filter>lib\Qor\Qor</Filter>
    </ClInclude>
    <ClInclude Include="lib\Qor\Qor\PlayerInterface2D.h">
      <Filter>lib\Qor\Qor</Filter>
    </ClInclude>
    <ClInclude Include="lib\Qor\Qor\PlayerInterface3D.h">
      <Filter>lib\Qor\Qor</Filter>
    </ClInclude>
    <ClInclude Include="lib\Qor\Qor\Profile.h">
      <Filter>lib\Qor\Qor</Filter>
    </ClInclude>
    <ClInclude Include="lib\Qor\Qor\PythonBindings.h">
      <Filter>lib\Qor\Qor</Filter>
    </ClInclude>
    <ClInclude Include="lib\Qor\Qor\Qor.h">
      <Filter>lib\Qor\Qor</Filter>
    </ClInclude>
    <ClInclude Include="lib\Qor\Qor\RenderBuffer.h">
      <Filter>lib\Qor\Qor</Filter>
    </ClInclude>
    <ClInclude Include="lib\Qor\Qor\Resource.h">
      <Filter>lib\Qor\Qor</Filter>
    </ClInclude>
    <ClInclude Include="lib\Qor\Qor\ResourceCache.h">
      <Filter>lib\Qor\Qor</Filter>
    </ClInclude>
    <ClInclude Include="lib\Qor\Qor\ResourceLocator.h">
      <Filter>lib\Qor\Qor</Filter>
    </ClInclude>
    <ClInclude Include="lib\Qor\Qor\Scene.h">
      <Filter>lib\Qor\Qor</Filter>
    </ClInclude>
    <ClInclude Include="lib\Qor\Qor\ScreenFader.h">
      <Filter>lib\Qor\Qor</Filter>
    </ClInclude>
    <ClInclude Include="lib\Qor\Qor\ScriptState.h">
      <Filter>lib\Qor\Qor</Filter>
    </ClInclude>
    <ClInclude Include="lib\Qor\Qor\Session.h">
      <Filter>lib\Qor\Qor</Filter>
    </ClInclude>
    <ClInclude Include="lib\Qor\Qor\Shader.h">
      <Filter>lib\Qor\Qor</Filter>
    </ClInclude>
    <ClInclude Include="lib\Qor\Qor\ShadowBuffer.h">
      <Filter>lib\Qor\Qor</Filter>
    </ClInclude>
    <ClInclude Include="lib\Qor\Qor\Sound.h">
      <Filter>lib\Qor\Qor</Filter>
    </ClInclude>
    <ClInclude Include="lib\Qor\Qor\Sprite.h">
      <Filter>lib\Qor\Qor</Filter>
    </ClInclude>
    <ClInclude Include="lib\Qor\Qor\State.h">
      <Filter>lib\Qor\Qor</Filter>
    </ClInclude>
    <ClInclude Include="lib\Qor\Qor\StateMachine.h">
      <Filter>lib\Qor\Qor</Filter>
    </ClInclude>
    <ClInclude Include="lib\Qor\Qor\StateManager.h">
      <Filter>lib\Qor\Qor</Filter>
    </ClInclude>
    <ClInclude Include="lib\Qor\Qor\TaskHandler.h">
      <Filter>lib\Qor\Qor</Filter>
    </ClInclude>
    <ClInclude Include="lib\Qor\Qor\Texture.h">
      <Filter>lib\Qor\Qor</Filter>
    </ClInclude>
    <ClInclude Include="lib\Qor\Qor\TileMap.h">
      <Filter>lib\Qor\Qor</Filter>
    </ClInclude>
    <ClInclude Include="lib\Qor\Qor\Tracker.h">
      <Filter>lib\Qor\Qor</Filter>
    </ClInclude>
    <ClInclude Include="lib\Qor\Qor\Util.h">
      <Filter>lib\Qor\Qor</Filter>
    </ClInclude>
    <ClInclude Include="lib\Qor\Qor\VertexBuffer.h">
      <Filter>lib\Qor\Qor</Filter>
    </ClInclude>
    <ClInclude Include="lib\Qor\Qor\ViewModel.h">
      <Filter>lib\Qor\Qor</Filter>
    </ClInclude>
    <ClInclude Include="lib\Qor\Qor\Window.h">
      <Filter>lib\Qor\Qor</Filter>
    </ClInclude>
    <ClInclude Include="lib\Qor\lib\kit\kit\kit.h">
      <Filter>lib\Qor\lib\kit\kit</Filter>
    </ClInclude>
    <ClInclude Include="lib\Qor\lib\kit\kit\args\args.h">
      <Filter>lib\Qor\lib\kit\kit\args</Filter>
    </ClInclude>
    <ClInclude Include="lib\Qor\lib\kit\kit\async\async.h">
      <Filter>lib\Qor\lib\kit\kit\async</Filter>
    </ClInclude>
    <ClInclude Include="lib\Qor\lib\kit\kit\async\async_fstream.h">
      <Filter>lib\Qor\lib\kit\kit\async</Filter>
    </ClInclude>
    <ClInclude Include="lib\Qor\lib\kit\kit\async\channel.h">
      <Filter>lib\Qor\lib\kit\kit\async</Filter>
    </ClInclude>
    <ClInclude Include="lib\Qor\lib\kit\kit\async\mx.h">
      <Filter>lib\Qor\lib\kit\kit\async</Filter>
    </ClInclude>
    <ClInclude Include="lib\Qor\lib\kit\kit\async\task.h">
      <Filter>lib\Qor\lib\kit\kit\async</Filter>
    </ClInclude>
    <ClInclude Include="lib\Qor\lib\kit\kit\cache\cache.h">
      <Filter>lib\Qor\lib\kit\kit\cache</Filter>
    </ClInclude>
    <ClInclude Include="lib\Qor\lib\kit\kit\cache\icache.h">
      <Filter>lib\Qor\lib\kit\kit\cache</Filter>
    </ClInclude>
    <ClInclude Include="lib\Qor\lib\kit\kit\factory\factory.h">
      <Filter>lib\Qor\lib\kit\kit\factory</Filter>
    </ClInclude>
    <ClInclude Include="lib\Qor\lib\kit\kit\factory\ifactory.h">
      <Filter>lib\Qor\lib\kit\kit\factory</Filter>
    </ClInclude>
    <ClInclude Include="lib\Qor\lib\kit\kit\freq\animation.h">
      <Filter>lib\Qor\lib\kit\kit\freq</Filter>
    </ClInclude>
    <ClInclude Include="lib\Qor\lib\kit\kit\freq\freq.h">
      <Filter>lib\Qor\lib\kit\kit\freq</Filter>
    </ClInclude>
    <ClInclude Include="lib\Qor\lib\kit\kit\fs\fs.h">
      <Filter>lib\Qor\lib\kit\kit\fs</Filter>
    </ClInclude>
    <ClInclude Include="lib\Qor\lib\kit\kit\log\errors.h">
      <Filter>lib\Qor\lib\kit\kit\log</Filter>
    </ClInclude>
    <ClInclude Include="lib\Qor\lib\kit\kit\log\log.h">
      <Filter>lib\Qor\lib\kit\kit\log</Filter>
    </ClInclude>
    <ClInclude Include="lib\Qor\lib\kit\kit\math\angle.h">
      <Filter>lib\Qor\lib\kit\kit\math</Filter>
    </ClInclude>
    <ClInclude Include="lib\Qor\lib\kit\kit\math\common.h">
      <Filter>lib\Qor\lib\kit\kit\math</Filter>
    </ClInclude>
    <ClInclude Include="lib\Qor\lib\kit\kit\math\matrixops.h">
      <Filter>lib\Qor\lib\kit\kit\math</Filter>
    </ClInclude>
    <ClInclude Include="lib\Qor\lib\kit\kit\math\matrixstack.h">
      <Filter>lib\Qor\lib\kit\kit\math</Filter>
    </ClInclude>
    <ClInclude Include="lib\Qor\lib\kit\kit\math\vectorops.h">
      <Filter>lib\Qor\lib\kit\kit\math</Filter>
    </ClInclude>
    <ClInclude Include="lib\Qor\lib\kit\kit\meta\meta.h">
      <Filter>lib\Qor\lib\kit\kit\meta</Filter>
    </ClInclude>
    <ClInclude Include="lib\Qor\lib\kit\kit\meta\schema.h">
      <Filter>lib\Qor\lib\kit\kit\meta</Filter>
    </ClInclude>
    <ClInclude Include="lib\Qor\lib\kit\kit\net\net.h">
      <Filter>lib\Qor\lib\kit\kit\net</Filter>
    </ClInclude>
    <ClInclude Include="lib\Qor\lib\kit\kit\reactive\reactive.h">
      <Filter>lib\Qor\lib\kit\kit\reactive</Filter>
    </ClInclude>
    <ClInclude Include="lib\Qor\lib\kit\kit\reactive\signal.h">
      <Filter>lib\Qor\lib\kit\kit\reactive</Filter>
    </ClInclude>
  </ItemGroup>
  <ItemGroup>
    <ClCompile Include="src\Game.cpp">
      <Filter>src</Filter>
    </ClCompile>
    <ClCompile Include="src\HUD.cpp">
      <Filter>src</Filter>
    </ClCompile>
    <ClCompile Include="src\Intro.cpp">
      <Filter>src</Filter>
    </ClCompile>
    <ClCompile Include="src\Main.cpp">
      <Filter>src</Filter>
    </ClCompile>
    <ClCompile Include="src\Monster.cpp">
      <Filter>src</Filter>
    </ClCompile>
    <ClCompile Include="src\Player.cpp">
      <Filter>src</Filter>
    </ClCompile>
    <ClCompile Include="src\Pregame.cpp">
      <Filter>src</Filter>
    </ClCompile>
    <ClCompile Include="src\Thing.cpp">
      <Filter>src</Filter>
    </ClCompile>
    <ClCompile Include="lib\Qor\Qor\Actuation.cpp">
      <Filter>lib\Qor\Qor</Filter>
    </ClCompile>
    <ClCompile Include="lib\Qor\Qor\Audio.cpp">
      <Filter>lib\Qor\Qor</Filter>
    </ClCompile>
    <ClCompile Include="lib\Qor\Qor\BasicPartitioner.cpp">
      <Filter>lib\Qor\Qor</Filter>
    </ClCompile>
    <ClCompile Include="lib\Qor\Qor\BasicState.cpp">
      <Filter>lib\Qor\Qor</Filter>
    </ClCompile>
    <ClCompile Include="lib\Qor\Qor\Camera.cpp">
      <Filter>lib\Qor\Qor</Filter>
    </ClCompile>
    <ClCompile Include="lib\Qor\Qor\Canvas.cpp">
      <Filter>lib\Qor\Qor</Filter>
    </ClCompile>
    <ClCompile Include="lib\Qor\Qor\Console.cpp">
      <Filter>lib\Qor\Qor</Filter>
    </ClCompile>
    <ClCompile Include="lib\Qor\Qor\Filesystem.cpp">
      <Filter>lib\Qor\Qor</Filter>
    </ClCompile>
    <ClCompile Include="lib\Qor\Qor\Graphics.cpp">
      <Filter>lib\Qor\Qor</Filter>
    </ClCompile>
    <ClCompile Include="lib\Qor\Qor\Grid.cpp">
      <Filter>lib\Qor\Qor</Filter>
    </ClCompile>
    <ClCompile Include="lib\Qor\Qor\Headless.cpp">
      <Filter>lib\Qor\Qor</Filter>
    </ClCompile>
    <ClCompile Include="lib\Qor\Qor\Input.cpp">
      <Filter>lib\Qor\Qor</Filter>
    </ClCompile>
    <ClCompile Include="lib\Qor\Qor\Interpreter.cpp">
      <Filter>lib\Qor\Qor</Filter>
    </ClCompile>
    <ClCompile Include="lib\Qor\Qor\Light.cpp">
      <Filter>lib\Qor\Qor</Filter>
    </ClCompile>
    <ClCompile Include="lib\Qor\Qor\LoadingState.cpp">
      <Filter>lib\Qor\Qor</Filter>
    </ClCompile>
    <ClCompile Include="lib\Qor\Qor\Material.cpp">
      <Filter>lib\Qor\Qor</Filter>
    </ClCompile>
    <ClCompile Include="lib\Qor\Qor\Menu.cpp">
      <Filter>lib\Qor\Qor</Filter>
    </ClCompile>
    <ClCompile Include="lib\Qor\Qor\Mesh.cpp">
      <Filter>lib\Qor\Qor</Filter>
    </ClCompile>
    <ClCompile Include="lib\Qor\Qor\Net.cpp">
      <Filter>lib\Qor\Qor</Filter>
    </ClCompile>
    <ClCompile Include="lib\Qor\Qor\Node.cpp">
      <Filter>lib\Qor\Qor</Filter>
    </ClCompile>
    <ClCompile Include="lib\Qor\Qor\NodeInterface.cpp">
      <Filter>lib\Qor\Qor</Filter>
    </ClCompile>
    <ClCompile Include="lib\Qor\Qor\Particle.cpp">
      <Filter>lib\Qor\Qor</Filter>
    </ClCompile>
    <ClCompile Include="lib\Qor\Qor\Pass.cpp">
      <Filter>lib\Qor\Qor</Filter>
    </ClCompile>
    <ClCompile Include="lib\Qor\Qor\Physics.cpp">
      <Filter>lib\Qor\Qor</Filter>
    </ClCompile>
    <ClCompile Include="lib\Qor\Qor\Pipeline.cpp">
      <Filter>lib\Qor\Qor</Filter>
    </ClCompile>
    <ClCompile Include="lib\Qor\Qor\PipelineShader.cpp">
      <Filter>lib\Qor\Qor</Filter>
    </ClCompile>
    <ClCompile Include="lib\Qor\Qor\PlayerInterface2D.cpp">
      <Filter>lib\Qor\Qor</Filter>
    </ClCompile>
    <ClCompile Include="lib\Qor\Qor\PlayerInterface3D.cpp">
      <Filter>lib\Qor\Qor</Filter>
    </ClCompile>
    <ClCompile Include="lib\Qor\Qor\Profile.cpp">
      <Filter>lib\Qor\Qor</Filter>
    </ClCompile>
    <ClCompile Include="lib\Qor\Qor\Qor.cpp">
      <Filter>lib\Qor\Qor</Filter>
    </ClCompile>
    <ClCompile Include="lib\Qor\Qor\Resource.cpp">
      <Filter>lib\Qor\Qor</Filter>
    </ClCompile>
    <ClCompile Include="lib\Qor\Qor\ResourceCache.cpp">
      <Filter>lib\Qor\Qor</Filter>
    </ClCompile>
    <ClCompile Include="lib\Qor\Qor\Scene.cpp">
      <Filter>lib\Qor\Qor</Filter>
    </ClCompile>
    <ClCompile Include="lib\Qor\Qor\ScreenFader.cpp">
      <Filter>lib\Qor\Qor</Filter>
    </ClCompile>
    <ClCompile Include="lib\Qor\Qor\ScriptState.cpp">
      <Filter>lib\Qor\Qor</Filter>
    </ClCompile>
    <ClCompile Include="lib\Qor\Qor\Session.cpp">
      <Filter>lib\Qor\Qor</Filter>
    </ClCompile>
    <ClCompile Include="lib\Qor\Qor\Shader.cpp">
      <Filter>lib\Qor\Qor</Filter>
    </ClCompile>
    <ClCompile Include="lib\Qor\Qor\ShadowBuffer.cpp">
      <Filter>lib\Qor\Qor</Filter>
    </ClCompile>
    <ClCompile Include="lib\Qor\Qor\Sound.cpp">
      <Filter>lib\Qor\Qor</Filter>
    </ClCompile>
    <ClCompile Include="lib\Qor\Qor\Sprite.cpp">
      <Filter>lib\Qor\Qor</Filter>
    </ClCompile>
    <ClCompile Include="lib\Qor\Qor\StateMachine.cpp">
      <Filter>lib\Qor\Qor</Filter>
    </ClCompile>
    <ClCompile Include="lib\Qor\Qor\Texture.cpp">
      <Filter>lib\Qor\Qor</Filter>
    </ClCompile>
    <ClCompile Include="lib\Qor\Qor\TileMap.cpp">
      <Filter>lib\Qor\Qor</Filter>
    </ClCompile>
    <ClCompile Include="lib\Qor\Qor\Tracker.cpp">
      <Filter>lib\Qor\Qor</Filter>
    </ClCompile>
    <ClCompile Include="lib\Qor\Qor\Util.cpp">
      <Filter>lib\Qor\Qor</Filter>
    </ClCompile>
    <ClCompile Include="lib\Qor\Qor\ViewModel.cpp">
      <Filter>lib\Qor\Qor</Filter>
    </ClCompile>
    <ClCompile Include="lib\Qor\Qor\Window.cpp">
      <Filter>lib\Qor\Qor</Filter>
    </ClCompile>
    <ClCompile Include="lib\Qor\lib\kit\kit\args\args.cpp">
      <Filter>lib\Qor\lib\kit\kit\args</Filter>
    </ClCompile>
    <ClCompile Include="lib\Qor\lib\kit\kit\log\log.cpp">
      <Filter>lib\Qor\lib\kit\kit\log</Filter>
    </ClCompile>
    <ClCompile Include="lib\Qor\lib\kit\kit\math\matrixstack.cpp">
      <Filter>lib\Qor\lib\kit\kit\math</Filter>
    </ClCompile>
  </ItemGroup>
</Project>
